# This file is automatically @generated by Cargo.
# It is not intended for manual editing.
version = 3

[[package]]
name = "quadratic_residues"
version = "0.1.4"
source = "registry+https://github.com/rust-lang/crates.io-index"
checksum = "d23ecce885696904b0599f3dabb1cc08c3164667217440761e393580558f1e3f"

[[package]]
name = "quadratic_showoff"
version = "0.1.0"
dependencies = [
 "quadratic_residues",
]
